
Microsoft Visual Studio Solution File, Format Version 12.00
# Visual Studio Version 17
VisualStudioVersion = 17.12.35506.116
MinimumVisualStudioVersion = 10.0.40219.1
Project("{FAE04EC0-301F-11D3-BF4B-00C04F79EFBC}") = "C#EducationCamp.EntityLayer", "C#EducationCamp.EntityLayer\C#EducationCamp.EntityLayer.csproj", "{CB3803D2-F40C-45C8-B56F-D05F459EA491}"
EndProject
Project("{FAE04EC0-301F-11D3-BF4B-00C04F79EFBC}") = "C#EducationCamp.DataAccessLayer", "C#EducationCamp.DataAccessLayer\C#EducationCamp.DataAccessLayer.csproj", "{65590A78-DD93-4D0C-A43C-B34B705DA4B1}"
EndProject
Project("{FAE04EC0-301F-11D3-BF4B-00C04F79EFBC}") = "C#EducationCamp.BusinessLayer", "C#EducationCamp.BusinessLayer\C#EducationCamp.BusinessLayer.csproj", "{858DFA86-733F-40F8-B655-E682CAA11577}"
EndProject
Project("{FAE04EC0-301F-11D3-BF4B-00C04F79EFBC}") = "C#EducationCamp.PresentationLayer", "C#EducationCamp.PresentationLayer\C#EducationCamp.PresentationLayer.csproj", "{9894694B-6999-47A1-BB25-08415268276C}"
EndProject
Project("{FAE04EC0-301F-11D3-BF4B-00C04F79EFBC}") = "C#EducationCamp.EFProject", "C#EducationCamp.EFProject\C#EducationCamp.EFProject.csproj", "{26D1D00E-29E3-4E2B-A853-5886AF70D2E7}"
EndProject
Global
	GlobalSection(SolutionConfigurationPlatforms) = preSolution
		Debug|Any CPU = Debug|Any CPU
		Release|Any CPU = Release|Any CPU
	EndGlobalSection
	GlobalSection(ProjectConfigurationPlatforms) = postSolution
		{CB3803D2-F40C-45C8-B56F-D05F459EA491}.Debug|Any CPU.ActiveCfg = Debug|Any CPU
		{CB3803D2-F40C-45C8-B56F-D05F459EA491}.Debug|Any CPU.Build.0 = Debug|Any CPU
		{CB3803D2-F40C-45C8-B56F-D05F459EA491}.Release|Any CPU.ActiveCfg = Release|Any CPU
		{CB3803D2-F40C-45C8-B56F-D05F459EA491}.Release|Any CPU.Build.0 = Release|Any CPU
		{65590A78-DD93-4D0C-A43C-B34B705DA4B1}.Debug|Any CPU.ActiveCfg = Debug|Any CPU
		{65590A78-DD93-4D0C-A43C-B34B705DA4B1}.Debug|Any CPU.Build.0 = Debug|Any CPU
		{65590A78-DD93-4D0C-A43C-B34B705DA4B1}.Release|Any CPU.ActiveCfg = Release|Any CPU
		{65590A78-DD93-4D0C-A43C-B34B705DA4B1}.Release|Any CPU.Build.0 = Release|Any CPU
		{858DFA86-733F-40F8-B655-E682CAA11577}.Debug|Any CPU.ActiveCfg = Debug|Any CPU
		{858DFA86-733F-40F8-B655-E682CAA11577}.Debug|Any CPU.Build.0 = Debug|Any CPU
		{858DFA86-733F-40F8-B655-E682CAA11577}.Release|Any CPU.ActiveCfg = Release|Any CPU
		{858DFA86-733F-40F8-B655-E682CAA11577}.Release|Any CPU.Build.0 = Release|Any CPU
		{9894694B-6999-47A1-BB25-08415268276C}.Debug|Any CPU.ActiveCfg = Debug|Any CPU
		{9894694B-6999-47A1-BB25-08415268276C}.Debug|Any CPU.Build.0 = Debug|Any CPU
		{9894694B-6999-47A1-BB25-08415268276C}.Release|Any CPU.ActiveCfg = Release|Any CPU
		{9894694B-6999-47A1-BB25-08415268276C}.Release|Any CPU.Build.0 = Release|Any CPU
		{26D1D00E-29E3-4E2B-A853-5886AF70D2E7}.Debug|Any CPU.ActiveCfg = Debug|Any CPU
		{26D1D00E-29E3-4E2B-A853-5886AF70D2E7}.Debug|Any CPU.Build.0 = Debug|Any CPU
		{26D1D00E-29E3-4E2B-A853-5886AF70D2E7}.Release|Any CPU.ActiveCfg = Release|Any CPU
		{26D1D00E-29E3-4E2B-A853-5886AF70D2E7}.Release|Any CPU.Build.0 = Release|Any CPU
	EndGlobalSection
	GlobalSection(SolutionProperties) = preSolution
		HideSolutionNode = FALSE
	EndGlobalSection
EndGlobal
